
Microsoft Visual Studio Solution File, Format Version 12.00
# Visual Studio Version 16
VisualStudioVersion = 16.0.29709.97
MinimumVisualStudioVersion = 10.0.40219.1
Project("{FAE04EC0-301F-11D3-BF4B-00C04F79EFBC}") = "ProjectEuler", "ProjectEuler.csproj", "{2A0556C9-8BBD-4081-AC43-74DA02B5CF18}"
EndProject
Global
	GlobalSection(SolutionConfigurationPlatforms) = preSolution
		Debug|Any CPU = Debug|Any CPU
		Release|Any CPU = Release|Any CPU
	EndGlobalSection
	GlobalSection(ProjectConfigurationPlatforms) = postSolution
		{2A0556C9-8BBD-4081-AC43-74DA02B5CF18}.Debug|Any CPU.ActiveCfg = Debug|Any CPU
		{2A0556C9-8BBD-4081-AC43-74DA02B5CF18}.Debug|Any CPU.Build.0 = Debug|Any CPU
		{2A0556C9-8BBD-4081-AC43-74DA02B5CF18}.Release|Any CPU.ActiveCfg = Release|Any CPU
		{2A0556C9-8BBD-4081-AC43-74DA02B5CF18}.Release|Any CPU.Build.0 = Release|Any CPU
	EndGlobalSection
	GlobalSection(SolutionProperties) = preSolution
		HideSolutionNode = FALSE
	EndGlobalSection
	GlobalSection(ExtensibilityGlobals) = postSolution
		SolutionGuid = {C14E2F35-36C6-495B-B341-F594B1DFB897}
	EndGlobalSection
EndGlobal
