
Microsoft Visual Studio Solution File, Format Version 12.00
# Visual Studio Version 16
VisualStudioVersion = 16.0.30114.105
MinimumVisualStudioVersion = 10.0.40219.1
Project("{FAE04EC0-301F-11D3-BF4B-00C04F79EFBC}") = "Chapter04.Console", "Chapter04.Console\Chapter04.csproj", "{694A1226-1C56-49B9-8970-7633B210AE46}"
EndProject
Project("{FAE04EC0-301F-11D3-BF4B-00C04F79EFBC}") = "Chapter04.Test", "Chapter04.Test\Chapter04.Test.csproj", "{812ACB81-227C-4C5F-AC75-4A126156EA12}"
EndProject
Global
	GlobalSection(SolutionConfigurationPlatforms) = preSolution
		Debug|Any CPU = Debug|Any CPU
		Release|Any CPU = Release|Any CPU
	EndGlobalSection
	GlobalSection(SolutionProperties) = preSolution
		HideSolutionNode = FALSE
	EndGlobalSection
	GlobalSection(ProjectConfigurationPlatforms) = postSolution
		{694A1226-1C56-49B9-8970-7633B210AE46}.Debug|Any CPU.ActiveCfg = Debug|Any CPU
		{694A1226-1C56-49B9-8970-7633B210AE46}.Debug|Any CPU.Build.0 = Debug|Any CPU
		{694A1226-1C56-49B9-8970-7633B210AE46}.Release|Any CPU.ActiveCfg = Release|Any CPU
		{694A1226-1C56-49B9-8970-7633B210AE46}.Release|Any CPU.Build.0 = Release|Any CPU
		{812ACB81-227C-4C5F-AC75-4A126156EA12}.Debug|Any CPU.ActiveCfg = Debug|Any CPU
		{812ACB81-227C-4C5F-AC75-4A126156EA12}.Debug|Any CPU.Build.0 = Debug|Any CPU
		{812ACB81-227C-4C5F-AC75-4A126156EA12}.Release|Any CPU.ActiveCfg = Release|Any CPU
		{812ACB81-227C-4C5F-AC75-4A126156EA12}.Release|Any CPU.Build.0 = Release|Any CPU
	EndGlobalSection
EndGlobal
